<?xml version="1.0" encoding="utf-8"?>
<Project ToolsVersion="4.0" xmlns="http://schemas.microsoft.com/developer/msbuild/2003">
  <ItemGroup>
    <Filter Include="源文件">
      <UniqueIdentifier>{4FC737F1-C7A5-4376-A066-2A32D752A2FF}</UniqueIdentifier>
      <Extensions>cpp;c;cc;cxx;c++;cppm;ixx;def;odl;idl;hpj;bat;asm;asmx</Extensions>
    </Filter>
    <Filter Include="头文件">
      <UniqueIdentifier>{93995380-89BD-4b04-88EB-625FBE52EBFB}</UniqueIdentifier>
      <Extensions>h;hh;hpp;hxx;h++;hm;inl;inc;ipp;xsd</Extensions>
    </Filter>
    <Filter Include="资源文件">
      <UniqueIdentifier>{67DA6AB6-F800-4c08-8B7A-83BB121AAD01}</UniqueIdentifier>
      <Extensions>rc;ico;cur;bmp;dlg;rc2;rct;bin;rgs;gif;jpg;jpeg;jpe;resx;tiff;tif;png;wav;mfcribbon-ms</Extensions>
    </Filter>
    <Filter Include="源文件\ThirdParty">
      <UniqueIdentifier>{7c646a3d-42fc-43d4-a7ed-9e174714e705}</UniqueIdentifier>
    </Filter>
    <Filter Include="源文件\Core">
      <UniqueIdentifier>{66c02f7f-5839-4e1b-a1fc-570b44d9f34b}</UniqueIdentifier>
    </Filter>
    <Filter Include="源文件\Render">
      <UniqueIdentifier>{c5ebcfd5-e0b4-4d19-b743-b0304b61bff0}</UniqueIdentifier>
    </Filter>
    <Filter Include="Src">
      <UniqueIdentifier>{07c3d76e-de10-42eb-a546-131837589043}</UniqueIdentifier>
    </Filter>
    <Filter Include="Src\Render">
      <UniqueIdentifier>{52a0be1b-14e7-4ddb-b9df-42d0e1e774c2}</UniqueIdentifier>
    </Filter>
    <Filter Include="Src\Core">
      <UniqueIdentifier>{91720adc-35f4-429e-9606-26355670fc99}</UniqueIdentifier>
    </Filter>
    <Filter Include="Src\Render\RHI">
      <UniqueIdentifier>{eaeaffb9-b2cf-4d32-ba72-a669302f552d}</UniqueIdentifier>
    </Filter>
    <Filter Include="Src\Core\Common">
      <UniqueIdentifier>{b3ff6967-cf9f-499f-b40a-15a8a40ee145}</UniqueIdentifier>
    </Filter>
    <Filter Include="Src\Render\RHI\OpenGLES">
      <UniqueIdentifier>{590c9384-dbed-45ad-87dd-43dc15429283}</UniqueIdentifier>
    </Filter>
    <Filter Include="Src\Render\RHI\Vulkan">
      <UniqueIdentifier>{fce2a698-d518-413e-99ef-0dc3e4775f1e}</UniqueIdentifier>
    </Filter>
    <Filter Include="Src\Render\RHI\DX12">
      <UniqueIdentifier>{add20ef2-9163-4a5d-b547-40b8c4589099}</UniqueIdentifier>
    </Filter>
    <Filter Include="Src\Render\RHI\Metal">
      <UniqueIdentifier>{f2e4fc16-c4db-44cf-8e84-8ee75fd1b51a}</UniqueIdentifier>
    </Filter>
  </ItemGroup>
  <ItemGroup>
    <ClCompile Include="..\depends\include\glad.c">
      <Filter>源文件\ThirdParty</Filter>
    </ClCompile>
    <ClCompile Include="..\depends\include\crude_json.cpp">
      <Filter>源文件\ThirdParty</Filter>
    </ClCompile>
    <ClCompile Include="..\depends\include\ImCurveEdit.cpp">
      <Filter>源文件\ThirdParty</Filter>
    </ClCompile>
    <ClCompile Include="..\depends\include\ImGradient.cpp">
      <Filter>源文件\ThirdParty</Filter>
    </ClCompile>
    <ClCompile Include="..\depends\include\imgui.cpp">
      <Filter>源文件\ThirdParty</Filter>
    </ClCompile>
    <ClCompile Include="..\depends\include\imgui_canvas.cpp">
      <Filter>源文件\ThirdParty</Filter>
    </ClCompile>
    <ClCompile Include="..\depends\include\imgui_demo.cpp">
      <Filter>源文件\ThirdParty</Filter>
    </ClCompile>
    <ClCompile Include="..\depends\include\imgui_draw.cpp">
      <Filter>源文件\ThirdParty</Filter>
    </ClCompile>
    <ClCompile Include="..\depends\include\imgui_impl_glfw.cpp">
      <Filter>源文件\ThirdParty</Filter>
    </ClCompile>
    <ClCompile Include="..\depends\include\imgui_impl_opengl3.cpp">
      <Filter>源文件\ThirdParty</Filter>
    </ClCompile>
    <ClCompile Include="..\depends\include\imgui_tables.cpp">
      <Filter>源文件\ThirdParty</Filter>
    </ClCompile>
    <ClCompile Include="..\depends\include\imgui_widgets.cpp">
      <Filter>源文件\ThirdParty</Filter>
    </ClCompile>
    <ClCompile Include="..\depends\include\ImGuizmo.cpp">
      <Filter>源文件\ThirdParty</Filter>
    </ClCompile>
    <ClCompile Include="..\depends\include\implot.cpp">
      <Filter>源文件\ThirdParty</Filter>
    </ClCompile>
    <ClCompile Include="..\depends\include\implot_demo.cpp">
      <Filter>源文件\ThirdParty</Filter>
    </ClCompile>
    <ClCompile Include="..\depends\include\implot_items.cpp">
      <Filter>源文件\ThirdParty</Filter>
    </ClCompile>
    <ClCompile Include="..\depends\include\ImSequencer.cpp">
      <Filter>源文件\ThirdParty</Filter>
    </ClCompile>
    <ClCompile Include="main.cpp">
      <Filter>源文件</Filter>
    </ClCompile>
    <ClCompile Include="Fabian.cpp">
      <Filter>源文件\Core</Filter>
    </ClCompile>
    <ClCompile Include="BulkDataSystem.cpp">
      <Filter>源文件\Core</Filter>
    </ClCompile>
    <ClCompile Include="Camera.cpp">
      <Filter>源文件\Core</Filter>
    </ClCompile>
    <ClCompile Include="RHI.cpp">
      <Filter>Src\Render\RHI</Filter>
    </ClCompile>
    <ClCompile Include="OpenGLRHI.cpp">
      <Filter>Src\Render\RHI\OpenGLES</Filter>
    </ClCompile>
    <ClCompile Include="OpenGLRHIStruct.cpp">
      <Filter>Src\Render\RHI\OpenGLES</Filter>
    </ClCompile>
  </ItemGroup>
  <ItemGroup>
    <ClInclude Include="pch.h">
      <Filter>头文件</Filter>
    </ClInclude>
    <ClInclude Include="Fabian.h">
      <Filter>源文件\Core</Filter>
    </ClInclude>
    <ClInclude Include="BulkDataSystem.h">
      <Filter>源文件\Core</Filter>
    </ClInclude>
    <ClInclude Include="Template.h">
      <Filter>源文件\Core</Filter>
    </ClInclude>
    <ClInclude Include="Camera.h">
      <Filter>源文件\Core</Filter>
    </ClInclude>
    <ClInclude Include="RHIType.h">
      <Filter>Src\Render\RHI</Filter>
    </ClInclude>
    <ClInclude Include="RHI.h">
      <Filter>Src\Render\RHI</Filter>
    </ClInclude>
    <ClInclude Include="RHIStruct.h">
      <Filter>Src\Render\RHI</Filter>
    </ClInclude>
    <ClInclude Include="Common.h">
      <Filter>Src\Core\Common</Filter>
    </ClInclude>
    <ClInclude Include="OpenGLRHI.h">
      <Filter>Src\Render\RHI\OpenGLES</Filter>
    </ClInclude>
    <ClInclude Include="OpenGLRHIStruct.h">
      <Filter>Src\Render\RHI\OpenGLES</Filter>
    </ClInclude>
  </ItemGroup>
</Project>